
Microsoft Visual Studio Solution File, Format Version 12.00
# Visual Studio Version 17
VisualStudioVersion = 17.8.34525.116
MinimumVisualStudioVersion = 10.0.40219.1
Project("{FAE04EC0-301F-11D3-BF4B-00C04F79EFBC}") = "WebApplication27", "WebApplication27\WebApplication27.csproj", "{2DA55A52-77D9-4B77-AB54-3DD6AF020F22}"
EndProject
Global
	GlobalSection(SolutionConfigurationPlatforms) = preSolution
		Debug|Any CPU = Debug|Any CPU
		Release|Any CPU = Release|Any CPU
	EndGlobalSection
	GlobalSection(ProjectConfigurationPlatforms) = postSolution
		{2DA55A52-77D9-4B77-AB54-3DD6AF020F22}.Debug|Any CPU.ActiveCfg = Debug|Any CPU
		{2DA55A52-77D9-4B77-AB54-3DD6AF020F22}.Debug|Any CPU.Build.0 = Debug|Any CPU
		{2DA55A52-77D9-4B77-AB54-3DD6AF020F22}.Release|Any CPU.ActiveCfg = Release|Any CPU
		{2DA55A52-77D9-4B77-AB54-3DD6AF020F22}.Release|Any CPU.Build.0 = Release|Any CPU
	EndGlobalSection
	GlobalSection(SolutionProperties) = preSolution
		HideSolutionNode = FALSE
	EndGlobalSection
	GlobalSection(ExtensibilityGlobals) = postSolution
		SolutionGuid = {11E33A14-79CC-47C9-BE3F-283D07FBAD7D}
	EndGlobalSection
EndGlobal
